
Microsoft Visual Studio Solution File, Format Version 12.00
# Visual Studio Version 16
VisualStudioVersion = 16.0.29306.81
MinimumVisualStudioVersion = 10.0.40219.1
Project("{FAE04EC0-301F-11D3-BF4B-00C04F79EFBC}") = "kostroEugenSedmiZadatak", "kostroEugenSedmiZadatak\kostroEugenSedmiZadatak.csproj", "{1BF858E5-7699-4678-B0D8-050165393722}"
EndProject
Global
	GlobalSection(SolutionConfigurationPlatforms) = preSolution
		Debug|Any CPU = Debug|Any CPU
		Release|Any CPU = Release|Any CPU
	EndGlobalSection
	GlobalSection(ProjectConfigurationPlatforms) = postSolution
		{1BF858E5-7699-4678-B0D8-050165393722}.Debug|Any CPU.ActiveCfg = Debug|Any CPU
		{1BF858E5-7699-4678-B0D8-050165393722}.Debug|Any CPU.Build.0 = Debug|Any CPU
		{1BF858E5-7699-4678-B0D8-050165393722}.Release|Any CPU.ActiveCfg = Release|Any CPU
		{1BF858E5-7699-4678-B0D8-050165393722}.Release|Any CPU.Build.0 = Release|Any CPU
	EndGlobalSection
	GlobalSection(SolutionProperties) = preSolution
		HideSolutionNode = FALSE
	EndGlobalSection
	GlobalSection(ExtensibilityGlobals) = postSolution
		SolutionGuid = {55E692B5-970F-4687-A1A4-9213347B1658}
	EndGlobalSection
EndGlobal
